
Microsoft Visual Studio Solution File, Format Version 12.00
# Visual Studio Version 17
VisualStudioVersion = 17.2.32630.192
MinimumVisualStudioVersion = 10.0.40219.1
Project("{FAE04EC0-301F-11D3-BF4B-00C04F79EFBC}") = "ConsulteerProject", "ConsulteerProject.csproj", "{E39D8BB0-1878-417F-8EC6-5CD86F567BDC}"
EndProject
Global
	GlobalSection(SolutionConfigurationPlatforms) = preSolution
		Debug|Any CPU = Debug|Any CPU
		Release|Any CPU = Release|Any CPU
	EndGlobalSection
	GlobalSection(ProjectConfigurationPlatforms) = postSolution
		{E39D8BB0-1878-417F-8EC6-5CD86F567BDC}.Debug|Any CPU.ActiveCfg = Debug|Any CPU
		{E39D8BB0-1878-417F-8EC6-5CD86F567BDC}.Debug|Any CPU.Build.0 = Debug|Any CPU
		{E39D8BB0-1878-417F-8EC6-5CD86F567BDC}.Release|Any CPU.ActiveCfg = Release|Any CPU
		{E39D8BB0-1878-417F-8EC6-5CD86F567BDC}.Release|Any CPU.Build.0 = Release|Any CPU
	EndGlobalSection
	GlobalSection(SolutionProperties) = preSolution
		HideSolutionNode = FALSE
	EndGlobalSection
	GlobalSection(ExtensibilityGlobals) = postSolution
		SolutionGuid = {9FEB3DD3-7C17-4A05-A930-3AD170369DB1}
	EndGlobalSection
EndGlobal
